PODS:
  - Galileo-iOS-SDK (0.9.6)

DEPENDENCIES:
  - Galileo-iOS-SDK (from `.`)

EXTERNAL SOURCES:
  Galileo-iOS-SDK:
    :path: .

CHECKOUT OPTIONS:
  Galileo-iOS-SDK:
    :commit: c30da66ef3e0fd4e284163e38f107802a27765a4
    :git: https://github.com/kent013/GalileoControl-cocoapods

SPEC CHECKSUMS:
  Galileo-iOS-SDK: 670c61fd6c336d46cd144e3b69628ad2d340b92d

COCOAPODS: 0.35.0
